# generated by rye
# use `rye lock` or `rye sync` to update this lockfile
#
# last locked with the following flags:
#   pre: false
#   features: []
#   all-features: false
#   with-sources: false

-e file:.
certifi==2024.7.4
    # via requests
charset-normalizer==3.3.2
    # via requests
h5py==3.11.0
    # via scann
idna==3.8
    # via requests
joblib==1.4.2
    # via scikit-learn
numpy==1.26.4
    # via h5py
    # via pandas
    # via scann
    # via scikit-learn
    # via scipy
packaging==24.1
    # via plotly
pandas==2.2.2
    # via scann
plotly==5.23.0
    # via scann
python-dateutil==2.9.0.post0
    # via pandas
pytz==2024.1
    # via pandas
requests==2.32.3
    # via scann
scikit-learn==1.5.1
    # via scann
scipy==1.13.1
    # via scann
    # via scikit-learn
six==1.16.0
    # via python-dateutil
tenacity==9.0.0
    # via plotly
threadpoolctl==3.5.0
    # via scikit-learn
tqdm==4.66.5
    # via scann
tzdata==2024.1
    # via pandas
urllib3==2.2.2
    # via requests
